// !$*UTF8*$!
{
	archiveVersion = 1;
	classes = {
	};
	objectVersion = 56;
	objects = {

/* Begin PBXBuildFile section */
		C3D689792D3EB3D2002D581C /* AppDelegate.swift in Sources */ = {isa = PBXBuildFile; fileRef = C3D689782D3EB3D2002D581C /* AppDelegate.swift */; };
		C3D6897B2D3EB3D2002D581C /* SceneDelegate.swift in Sources */ = {isa = PBXBuildFile; fileRef = C3D6897A2D3EB3D2002D581C /* SceneDelegate.swift */; };
		C3D6897D2D3EB3D2002D581C /* ViewController.swift in Sources */ = {isa = PBXBuildFile; fileRef = C3D6897C2D3EB3D2002D581C /* ViewController.swift */; };
		C3D689802D3EB3D2002D581C /* Base in Resources */ = {isa = PBXBuildFile; fileRef = C3D6897F2D3EB3D2002D581C /* Base */; };
		C3D689832D3EB3D2002D581C /* UserListApp.xcdatamodeld in Sources */ = {isa = PBXBuildFile; fileRef = C3D689812D3EB3D2002D581C /* UserListApp.xcdatamodeld */; };
		C3D689852D3EB3D4002D581C /* Assets.xcassets in Resources */ = {isa = PBXBuildFile; fileRef = C3D689842D3EB3D4002D581C /* Assets.xcassets */; };
		C3D689882D3EB3D4002D581C /* Base in Resources */ = {isa = PBXBuildFile; fileRef = C3D689872D3EB3D4002D581C /* Base */; };
		C3D689932D3EB3D4002D581C /* UserListAppTests.swift in Sources */ = {isa = PBXBuildFile; fileRef = C3D689922D3EB3D4002D581C /* UserListAppTests.swift */; };
		C3D6899D2D3EB3D4002D581C /* UserListAppUITests.swift in Sources */ = {isa = PBXBuildFile; fileRef = C3D6899C2D3EB3D4002D581C /* UserListAppUITests.swift */; };
		C3D6899F2D3EB3D4002D581C /* UserListAppUITestsLaunchTests.swift in Sources */ = {isa = PBXBuildFile; fileRef = C3D6899E2D3EB3D4002D581C /* UserListAppUITestsLaunchTests.swift */; };
		C3D689AE2D3EBCCA002D581C /* User.swift in Sources */ = {isa = PBXBuildFile; fileRef = C3D689AD2D3EBCCA002D581C /* User.swift */; };
		C3D689B12D3EBCEC002D581C /* NetworkManager.swift in Sources */ = {isa = PBXBuildFile; fileRef = C3D689B02D3EBCEC002D581C /* NetworkManager.swift */; };
		C3D689B42D3EBD1D002D581C /* UserListViewModel.swift in Sources */ = {isa = PBXBuildFile; fileRef = C3D689B32D3EBD1D002D581C /* UserListViewModel.swift */; };
		C3D689B62D3EBD34002D581C /* UserDetailViewModel.swift in Sources */ = {isa = PBXBuildFile; fileRef = C3D689B52D3EBD34002D581C /* UserDetailViewModel.swift */; };
		C3D689B92D3EBD59002D581C /* UserListViewController.swift in Sources */ = {isa = PBXBuildFile; fileRef = C3D689B82D3EBD59002D581C /* UserListViewController.swift */; };
		C3D689BB2D3EBD7A002D581C /* UserDetailViewController.swift in Sources */ = {isa = PBXBuildFile; fileRef = C3D689BA2D3EBD7A002D581C /* UserDetailViewController.swift */; };
/* End PBXBuildFile section */

/* Begin PBXContainerItemProxy section */
		C3D6898F2D3EB3D4002D581C /* PBXContainerItemProxy */ = {
			isa = PBXContainerItemProxy;
			containerPortal = C3D6896D2D3EB3D2002D581C /* Project object */;
			proxyType = 1;
			remoteGlobalIDString = C3D689742D3EB3D2002D581C;
			remoteInfo = UserListApp;
		};
		C3D689992D3EB3D4002D581C /* PBXContainerItemProxy */ = {
			isa = PBXContainerItemProxy;
			containerPortal = C3D6896D2D3EB3D2002D581C /* Project object */;
			proxyType = 1;
			remoteGlobalIDString = C3D689742D3EB3D2002D581C;
			remoteInfo = UserListApp;
		};
/* End PBXContainerItemProxy section */

/* Begin PBXFileReference section */
		C3D689752D3EB3D2002D581C /* UserListApp.app */ = {isa = PBXFileReference; explicitFileType = wrapper.application; includeInIndex = 0; path = UserListApp.app; sourceTree = BUILT_PRODUCTS_DIR; };
		C3D689782D3EB3D2002D581C /* AppDelegate.swift */ = {isa = PBXFileReference; lastKnownFileType = sourcecode.swift; path = AppDelegate.swift; sourceTree = "<group>"; };
		C3D6897A2D3EB3D2002D581C /* SceneDelegate.swift */ = {isa = PBXFileReference; lastKnownFileType = sourcecode.swift; path = SceneDelegate.swift; sourceTree = "<group>"; };
		C3D6897C2D3EB3D2002D581C /* ViewController.swift */ = {isa = PBXFileReference; lastKnownFileType = sourcecode.swift; path = ViewController.swift; sourceTree = "<group>"; };
		C3D6897F2D3EB3D2002D581C /* Base */ = {isa = PBXFileReference; lastKnownFileType = file.storyboard; name = Base; path = Base.lproj/Main.storyboard; sourceTree = "<group>"; };
		C3D689822D3EB3D2002D581C /* UserListApp.xcdatamodel */ = {isa = PBXFileReference; lastKnownFileType = wrapper.xcdatamodel; path = UserListApp.xcdatamodel; sourceTree = "<group>"; };
		C3D689842D3EB3D4002D581C /* Assets.xcassets */ = {isa = PBXFileReference; lastKnownFileType = folder.assetcatalog; path = Assets.xcassets; sourceTree = "<group>"; };
		C3D689872D3EB3D4002D581C /* Base */ = {isa = PBXFileReference; lastKnownFileType = file.storyboard; name = Base; path = Base.lproj/LaunchScreen.storyboard; sourceTree = "<group>"; };
		C3D689892D3EB3D4002D581C /* Info.plist */ = {isa = PBXFileReference; lastKnownFileType = text.plist.xml; path = Info.plist; sourceTree = "<group>"; };
		C3D6898E2D3EB3D4002D581C /* UserListAppTests.xctest */ = {isa = PBXFileReference; explicitFileType = wrapper.cfbundle; includeInIndex = 0; path = UserListAppTests.xctest; sourceTree = BUILT_PRODUCTS_DIR; };
		C3D689922D3EB3D4002D581C /* UserListAppTests.swift */ = {isa = PBXFileReference; lastKnownFileType = sourcecode.swift; path = UserListAppTests.swift; sourceTree = "<group>"; };
		C3D689982D3EB3D4002D581C /* UserListAppUITests.xctest */ = {isa = PBXFileReference; explicitFileType = wrapper.cfbundle; includeInIndex = 0; path = UserListAppUITests.xctest; sourceTree = BUILT_PRODUCTS_DIR; };
		C3D6899C2D3EB3D4002D581C /* UserListAppUITests.swift */ = {isa = PBXFileReference; lastKnownFileType = sourcecode.swift; path = UserListAppUITests.swift; sourceTree = "<group>"; };
		C3D6899E2D3EB3D4002D581C /* UserListAppUITestsLaunchTests.swift */ = {isa = PBXFileReference; lastKnownFileType = sourcecode.swift; path = UserListAppUITestsLaunchTests.swift; sourceTree = "<group>"; };
		C3D689AD2D3EBCCA002D581C /* User.swift */ = {isa = PBXFileReference; lastKnownFileType = sourcecode.swift; path = User.swift; sourceTree = "<group>"; };
		C3D689B02D3EBCEC002D581C /* NetworkManager.swift */ = {isa = PBXFileReference; lastKnownFileType = sourcecode.swift; path = NetworkManager.swift; sourceTree = "<group>"; };
		C3D689B32D3EBD1D002D581C /* UserListViewModel.swift */ = {isa = PBXFileReference; lastKnownFileType = sourcecode.swift; path = UserListViewModel.swift; sourceTree = "<group>"; };
		C3D689B52D3EBD34002D581C /* UserDetailViewModel.swift */ = {isa = PBXFileReference; lastKnownFileType = sourcecode.swift; path = UserDetailViewModel.swift; sourceTree = "<group>"; };
		C3D689B82D3EBD59002D581C /* UserListViewController.swift */ = {isa = PBXFileReference; lastKnownFileType = sourcecode.swift; path = UserListViewController.swift; sourceTree = "<group>"; };
		C3D689BA2D3EBD7A002D581C /* UserDetailViewController.swift */ = {isa = PBXFileReference; lastKnownFileType = sourcecode.swift; path = UserDetailViewController.swift; sourceTree = "<group>"; };
/* End PBXFileReference section */

/* Begin PBXFrameworksBuildPhase section */
		C3D689722D3EB3D2002D581C /* Frameworks */ = {
			isa = PBXFrameworksBuildPhase;
			buildActionMask = 2147483647;
			files = (
			);
			runOnlyForDeploymentPostprocessing = 0;
		};
		C3D6898B2D3EB3D4002D581C /* Frameworks */ = {
			isa = PBXFrameworksBuildPhase;
			buildActionMask = 2147483647;
			files = (
			);
			runOnlyForDeploymentPostprocessing = 0;
		};
		C3D689952D3EB3D4002D581C /* Frameworks */ = {
			isa = PBXFrameworksBuildPhase;
			buildActionMask = 2147483647;
			files = (
			);
			runOnlyForDeploymentPostprocessing = 0;
		};
/* End PBXFrameworksBuildPhase section */

/* Begin PBXGroup section */
		C3D6896C2D3EB3D2002D581C = {
			isa = PBXGroup;
			children = (
				C3D689772D3EB3D2002D581C /* UserListApp */,
				C3D689912D3EB3D4002D581C /* UserListAppTests */,
				C3D6899B2D3EB3D4002D581C /* UserListAppUITests */,
				C3D689762D3EB3D2002D581C /* Products */,
			);
			sourceTree = "<group>";
		};
		C3D689762D3EB3D2002D581C /* Products */ = {
			isa = PBXGroup;
			children = (
				C3D689752D3EB3D2002D581C /* UserListApp.app */,
				C3D6898E2D3EB3D4002D581C /* UserListAppTests.xctest */,
				C3D689982D3EB3D4002D581C /* UserListAppUITests.xctest */,
			);
			name = Products;
			sourceTree = "<group>";
		};
		C3D689772D3EB3D2002D581C /* UserListApp */ = {
			isa = PBXGroup;
			children = (
				C3D689AC2D3EBCBE002D581C /* Model */,
				C3D689B22D3EBD0A002D581C /* ViewModel */,
				C3D689B72D3EBD41002D581C /* View */,
				C3D689AB2D3EBCAE002D581C /* App */,
				C3D689AF2D3EBCDC002D581C /* Utils */,
				C3D6897C2D3EB3D2002D581C /* ViewController.swift */,
				C3D6897E2D3EB3D2002D581C /* Main.storyboard */,
				C3D689842D3EB3D4002D581C /* Assets.xcassets */,
				C3D689862D3EB3D4002D581C /* LaunchScreen.storyboard */,
				C3D689892D3EB3D4002D581C /* Info.plist */,
				C3D689812D3EB3D2002D581C /* UserListApp.xcdatamodeld */,
			);
			path = UserListApp;
			sourceTree = "<group>";
		};
		C3D689912D3EB3D4002D581C /* UserListAppTests */ = {
			isa = PBXGroup;
			children = (
				C3D689922D3EB3D4002D581C /* UserListAppTests.swift */,
			);
			path = UserListAppTests;
			sourceTree = "<group>";
		};
		C3D6899B2D3EB3D4002D581C /* UserListAppUITests */ = {
			isa = PBXGroup;
			children = (
				C3D6899C2D3EB3D4002D581C /* UserListAppUITests.swift */,
				C3D6899E2D3EB3D4002D581C /* UserListAppUITestsLaunchTests.swift */,
			);
			path = UserListAppUITests;
			sourceTree = "<group>";
		};
		C3D689AB2D3EBCAE002D581C /* App */ = {
			isa = PBXGroup;
			children = (
				C3D689782D3EB3D2002D581C /* AppDelegate.swift */,
				C3D6897A2D3EB3D2002D581C /* SceneDelegate.swift */,
			);
			path = App;
			sourceTree = "<group>";
		};
		C3D689AC2D3EBCBE002D581C /* Model */ = {
			isa = PBXGroup;
			children = (
				C3D689AD2D3EBCCA002D581C /* User.swift */,
			);
			path = Model;
			sourceTree = "<group>";
		};
		C3D689AF2D3EBCDC002D581C /* Utils */ = {
			isa = PBXGroup;
			children = (
				C3D689B02D3EBCEC002D581C /* NetworkManager.swift */,
			);
			path = Utils;
			sourceTree = "<group>";
		};
		C3D689B22D3EBD0A002D581C /* ViewModel */ = {
			isa = PBXGroup;
			children = (
				C3D689B32D3EBD1D002D581C /* UserListViewModel.swift */,
				C3D689B52D3EBD34002D581C /* UserDetailViewModel.swift */,
			);
			path = ViewModel;
			sourceTree = "<group>";
		};
		C3D689B72D3EBD41002D581C /* View */ = {
			isa = PBXGroup;
			children = (
				C3D689B82D3EBD59002D581C /* UserListViewController.swift */,
				C3D689BA2D3EBD7A002D581C /* UserDetailViewController.swift */,
			);
			path = View;
			sourceTree = "<group>";
		};
/* End PBXGroup section */

/* Begin PBXNativeTarget section */
		C3D689742D3EB3D2002D581C /* UserListApp */ = {
			isa = PBXNativeTarget;
			buildConfigurationList = C3D689A22D3EB3D4002D581C /* Build configuration list for PBXNativeTarget "UserListApp" */;
			buildPhases = (
				C3D689712D3EB3D2002D581C /* Sources */,
				C3D689722D3EB3D2002D581C /* Frameworks */,
				C3D689732D3EB3D2002D581C /* Resources */,
			);
			buildRules = (
			);
			dependencies = (
			);
			name = UserListApp;
			productName = UserListApp;
			productReference = C3D689752D3EB3D2002D581C /* UserListApp.app */;
			productType = "com.apple.product-type.application";
		};
		C3D6898D2D3EB3D4002D581C /* UserListAppTests */ = {
			isa = PBXNativeTarget;
			buildConfigurationList = C3D689A52D3EB3D4002D581C /* Build configuration list for PBXNativeTarget "UserListAppTests" */;
			buildPhases = (
				C3D6898A2D3EB3D4002D581C /* Sources */,
				C3D6898B2D3EB3D4002D581C /* Frameworks */,
				C3D6898C2D3EB3D4002D581C /* Resources */,
			);
			buildRules = (
			);
			dependencies = (
				C3D689902D3EB3D4002D581C /* PBXTargetDependency */,
			);
			name = UserListAppTests;
			productName = UserListAppTests;
			productReference = C3D6898E2D3EB3D4002D581C /* UserListAppTests.xctest */;
			productType = "com.apple.product-type.bundle.unit-test";
		};
		C3D689972D3EB3D4002D581C /* UserListAppUITests */ = {
			isa = PBXNativeTarget;
			buildConfigurationList = C3D689A82D3EB3D4002D581C /* Build configuration list for PBXNativeTarget "UserListAppUITests" */;
			buildPhases = (
				C3D689942D3EB3D4002D581C /* Sources */,
				C3D689952D3EB3D4002D581C /* Frameworks */,
				C3D689962D3EB3D4002D581C /* Resources */,
			);
			buildRules = (
			);
			dependencies = (
				C3D6899A2D3EB3D4002D581C /* PBXTargetDependency */,
			);
			name = UserListAppUITests;
			productName = UserListAppUITests;
			productReference = C3D689982D3EB3D4002D581C /* UserListAppUITests.xctest */;
			productType = "com.apple.product-type.bundle.ui-testing";
		};
/* End PBXNativeTarget section */

/* Begin PBXProject section */
		C3D6896D2D3EB3D2002D581C /* Project object */ = {
			isa = PBXProject;
			attributes = {
				BuildIndependentTargetsInParallel = 1;
				LastSwiftUpdateCheck = 1540;
				LastUpgradeCheck = 1540;
				TargetAttributes = {
					C3D689742D3EB3D2002D581C = {
						CreatedOnToolsVersion = 15.4;
					};
					C3D6898D2D3EB3D4002D581C = {
						CreatedOnToolsVersion = 15.4;
						TestTargetID = C3D689742D3EB3D2002D581C;
					};
					C3D689972D3EB3D4002D581C = {
						CreatedOnToolsVersion = 15.4;
						TestTargetID = C3D689742D3EB3D2002D581C;
					};
				};
			};
			buildConfigurationList = C3D689702D3EB3D2002D581C /* Build configuration list for PBXProject "UserListApp" */;
			compatibilityVersion = "Xcode 14.0";
			developmentRegion = en;
			hasScannedForEncodings = 0;
			knownRegions = (
				en,
				Base,
			);
			mainGroup = C3D6896C2D3EB3D2002D581C;
			productRefGroup = C3D689762D3EB3D2002D581C /* Products */;
			projectDirPath = "";
			projectRoot = "";
			targets = (
				C3D689742D3EB3D2002D581C /* UserListApp */,
				C3D6898D2D3EB3D4002D581C /* UserListAppTests */,
				C3D689972D3EB3D4002D581C /* UserListAppUITests */,
			);
		};
/* End PBXProject section */

/* Begin PBXResourcesBuildPhase section */
		C3D689732D3EB3D2002D581C /* Resources */ = {
			isa = PBXResourcesBuildPhase;
			buildActionMask = 2147483647;
			files = (
				C3D689852D3EB3D4002D581C /* Assets.xcassets in Resources */,
				C3D689882D3EB3D4002D581C /* Base in Resources */,
				C3D689802D3EB3D2002D581C /* Base in Resources */,
			);
			runOnlyForDeploymentPostprocessing = 0;
		};
		C3D6898C2D3EB3D4002D581C /* Resources */ = {
			isa = PBXResourcesBuildPhase;
			buildActionMask = 2147483647;
			files = (
			);
			runOnlyForDeploymentPostprocessing = 0;
		};
		C3D689962D3EB3D4002D581C /* Resources */ = {
			isa = PBXResourcesBuildPhase;
			buildActionMask = 2147483647;
			files = (
			);
			runOnlyForDeploymentPostprocessing = 0;
		};
/* End PBXResourcesBuildPhase section */

/* Begin PBXSourcesBuildPhase section */
		C3D689712D3EB3D2002D581C /* Sources */ = {
			isa = PBXSourcesBuildPhase;
			buildActionMask = 2147483647;
			files = (
				C3D689B12D3EBCEC002D581C /* NetworkManager.swift in Sources */,
				C3D689832D3EB3D2002D581C /* UserListApp.xcdatamodeld in Sources */,
				C3D689B62D3EBD34002D581C /* UserDetailViewModel.swift in Sources */,
				C3D689B42D3EBD1D002D581C /* UserListViewModel.swift in Sources */,
				C3D6897D2D3EB3D2002D581C /* ViewController.swift in Sources */,
				C3D689B92D3EBD59002D581C /* UserListViewController.swift in Sources */,
				C3D689BB2D3EBD7A002D581C /* UserDetailViewController.swift in Sources */,
				C3D689792D3EB3D2002D581C /* AppDelegate.swift in Sources */,
				C3D689AE2D3EBCCA002D581C /* User.swift in Sources */,
				C3D6897B2D3EB3D2002D581C /* SceneDelegate.swift in Sources */,
			);
			runOnlyForDeploymentPostprocessing = 0;
		};
		C3D6898A2D3EB3D4002D581C /* Sources */ = {
			isa = PBXSourcesBuildPhase;
			buildActionMask = 2147483647;
			files = (
				C3D689932D3EB3D4002D581C /* UserListAppTests.swift in Sources */,
			);
			runOnlyForDeploymentPostprocessing = 0;
		};
		C3D689942D3EB3D4002D581C /* Sources */ = {
			isa = PBXSourcesBuildPhase;
			buildActionMask = 2147483647;
			files = (
				C3D6899D2D3EB3D4002D581C /* UserListAppUITests.swift in Sources */,
				C3D6899F2D3EB3D4002D581C /* UserListAppUITestsLaunchTests.swift in Sources */,
			);
			runOnlyForDeploymentPostprocessing = 0;
		};
/* End PBXSourcesBuildPhase section */

/* Begin PBXTargetDependency section */
		C3D689902D3EB3D4002D581C /* PBXTargetDependency */ = {
			isa = PBXTargetDependency;
			target = C3D689742D3EB3D2002D581C /* UserListApp */;
			targetProxy = C3D6898F2D3EB3D4002D581C /* PBXContainerItemProxy */;
		};
		C3D6899A2D3EB3D4002D581C /* PBXTargetDependency */ = {
			isa = PBXTargetDependency;
			target = C3D689742D3EB3D2002D581C /* UserListApp */;
			targetProxy = C3D689992D3EB3D4002D581C /* PBXContainerItemProxy */;
		};
/* End PBXTargetDependency section */

/* Begin PBXVariantGroup section */
		C3D6897E2D3EB3D2002D581C /* Main.storyboard */ = {
			isa = PBXVariantGroup;
			children = (
				C3D6897F2D3EB3D2002D581C /* Base */,
			);
			name = Main.storyboard;
			sourceTree = "<group>";
		};
		C3D689862D3EB3D4002D581C /* LaunchScreen.storyboard */ = {
			isa = PBXVariantGroup;
			children = (
				C3D689872D3EB3D4002D581C /* Base */,
			);
			name = LaunchScreen.storyboard;
			sourceTree = "<group>";
		};
/* End PBXVariantGroup section */

/* Begin XCBuildConfiguration section */
		C3D689A02D3EB3D4002D581C /* Debug */ = {
			isa = XCBuildConfiguration;
			buildSettings = {
				ALWAYS_SEARCH_USER_PATHS = NO;
				ASSETCATALOG_COMPILER_GENERATE_SWIFT_ASSET_SYMBOL_EXTENSIONS = YES;
				CLANG_ANALYZER_NONNULL = YES;
				CLANG_ANALYZER_NUMBER_OBJECT_CONVERSION = YES_AGGRESSIVE;
				CLANG_CXX_LANGUAGE_STANDARD = "gnu++20";
				CLANG_ENABLE_MODULES = YES;
				CLANG_ENABLE_OBJC_ARC = YES;
				CLANG_ENABLE_OBJC_WEAK = YES;
				CLANG_WARN_BLOCK_CAPTURE_AUTORELEASING = YES;
				CLANG_WARN_BOOL_CONVERSION = YES;
				CLANG_WARN_COMMA = YES;
				CLANG_WARN_CONSTANT_CONVERSION = YES;
				CLANG_WARN_DEPRECATED_OBJC_IMPLEMENTATIONS = YES;
				CLANG_WARN_DIRECT_OBJC_ISA_USAGE = YES_ERROR;
				CLANG_WARN_DOCUMENTATION_COMMENTS = YES;
				CLANG_WARN_EMPTY_BODY = YES;
				CLANG_WARN_ENUM_CONVERSION = YES;
				CLANG_WARN_INFINITE_RECURSION = YES;
				CLANG_WARN_INT_CONVERSION = YES;
				CLANG_WARN_NON_LITERAL_NULL_CONVERSION = YES;
				CLANG_WARN_OBJC_IMPLICIT_RETAIN_SELF = YES;
				CLANG_WARN_OBJC_LITERAL_CONVERSION = YES;
				CLANG_WARN_OBJC_ROOT_CLASS = YES_ERROR;
				CLANG_WARN_QUOTED_INCLUDE_IN_FRAMEWORK_HEADER = YES;
				CLANG_WARN_RANGE_LOOP_ANALYSIS = YES;
				CLANG_WARN_STRICT_PROTOTYPES = YES;
				CLANG_WARN_SUSPICIOUS_MOVE = YES;
				CLANG_WARN_UNGUARDED_AVAILABILITY = YES_AGGRESSIVE;
				CLANG_WARN_UNREACHABLE_CODE = YES;
				CLANG_WARN__DUPLICATE_METHOD_MATCH = YES;
				COPY_PHASE_STRIP = NO;
				DEBUG_INFORMATION_FORMAT = dwarf;
				ENABLE_STRICT_OBJC_MSGSEND = YES;
				ENABLE_TESTABILITY = YES;
				ENABLE_USER_SCRIPT_SANDBOXING = YES;
				GCC_C_LANGUAGE_STANDARD = gnu17;
				GCC_DYNAMIC_NO_PIC = NO;
				GCC_NO_COMMON_BLOCKS = YES;
				GCC_OPTIMIZATION_LEVEL = 0;
				GCC_PREPROCESSOR_DEFINITIONS = (
					"DEBUG=1",
					"$(inherited)",
				);
				GCC_WARN_64_TO_32_BIT_CONVERSION = YES;
				GCC_WARN_ABOUT_RETURN_TYPE = YES_ERROR;
				GCC_WARN_UNDECLARED_SELECTOR = YES;
				GCC_WARN_UNINITIALIZED_AUTOS = YES_AGGRESSIVE;
				GCC_WARN_UNUSED_FUNCTION = YES;
				GCC_WARN_UNUSED_VARIABLE = YES;
				IPHONEOS_DEPLOYMENT_TARGET = 17.5;
				LOCALIZATION_PREFERS_STRING_CATALOGS = YES;
				MTL_ENABLE_DEBUG_INFO = INCLUDE_SOURCE;
				MTL_FAST_MATH = YES;
				ONLY_ACTIVE_ARCH = YES;
				SDKROOT = iphoneos;
				SWIFT_ACTIVE_COMPILATION_CONDITIONS = "DEBUG $(inherited)";
				SWIFT_OPTIMIZATION_LEVEL = "-Onone";
			};
			name = Debug;
		};
		C3D689A12D3EB3D4002D581C /* Release */ = {
			isa = XCBuildConfiguration;
			buildSettings = {
				ALWAYS_SEARCH_USER_PATHS = NO;
				ASSETCATALOG_COMPILER_GENERATE_SWIFT_ASSET_SYMBOL_EXTENSIONS = YES;
				CLANG_ANALYZER_NONNULL = YES;
				CLANG_ANALYZER_NUMBER_OBJECT_CONVERSION = YES_AGGRESSIVE;
				CLANG_CXX_LANGUAGE_STANDARD = "gnu++20";
				CLANG_ENABLE_MODULES = YES;
				CLANG_ENABLE_OBJC_ARC = YES;
				CLANG_ENABLE_OBJC_WEAK = YES;
				CLANG_WARN_BLOCK_CAPTURE_AUTORELEASING = YES;
				CLANG_WARN_BOOL_CONVERSION = YES;
				CLANG_WARN_COMMA = YES;
				CLANG_WARN_CONSTANT_CONVERSION = YES;
				CLANG_WARN_DEPRECATED_OBJC_IMPLEMENTATIONS = YES;
				CLANG_WARN_DIRECT_OBJC_ISA_USAGE = YES_ERROR;
				CLANG_WARN_DOCUMENTATION_COMMENTS = YES;
				CLANG_WARN_EMPTY_BODY = YES;
				CLANG_WARN_ENUM_CONVERSION = YES;
				CLANG_WARN_INFINITE_RECURSION = YES;
				CLANG_WARN_INT_CONVERSION = YES;
				CLANG_WARN_NON_LITERAL_NULL_CONVERSION = YES;
				CLANG_WARN_OBJC_IMPLICIT_RETAIN_SELF = YES;
				CLANG_WARN_OBJC_LITERAL_CONVERSION = YES;
				CLANG_WARN_OBJC_ROOT_CLASS = YES_ERROR;
				CLANG_WARN_QUOTED_INCLUDE_IN_FRAMEWORK_HEADER = YES;
				CLANG_WARN_RANGE_LOOP_ANALYSIS = YES;
				CLANG_WARN_STRICT_PROTOTYPES = YES;
				CLANG_WARN_SUSPICIOUS_MOVE = YES;
				CLANG_WARN_UNGUARDED_AVAILABILITY = YES_AGGRESSIVE;
				CLANG_WARN_UNREACHABLE_CODE = YES;
				CLANG_WARN__DUPLICATE_METHOD_MATCH = YES;
				COPY_PHASE_STRIP = NO;
				DEBUG_INFORMATION_FORMAT = "dwarf-with-dsym";
				ENABLE_NS_ASSERTIONS = NO;
				ENABLE_STRICT_OBJC_MSGSEND = YES;
				ENABLE_USER_SCRIPT_SANDBOXING = YES;
				GCC_C_LANGUAGE_STANDARD = gnu17;
				GCC_NO_COMMON_BLOCKS = YES;
				GCC_WARN_64_TO_32_BIT_CONVERSION = YES;
				GCC_WARN_ABOUT_RETURN_TYPE = YES_ERROR;
				GCC_WARN_UNDECLARED_SELECTOR = YES;
				GCC_WARN_UNINITIALIZED_AUTOS = YES_AGGRESSIVE;
				GCC_WARN_UNUSED_FUNCTION = YES;
				GCC_WARN_UNUSED_VARIABLE = YES;
				IPHONEOS_DEPLOYMENT_TARGET = 17.5;
				LOCALIZATION_PREFERS_STRING_CATALOGS = YES;
				MTL_ENABLE_DEBUG_INFO = NO;
				MTL_FAST_MATH = YES;
				SDKROOT = iphoneos;
				SWIFT_COMPILATION_MODE = wholemodule;
				VALIDATE_PRODUCT = YES;
			};
			name = Release;
		};
		C3D689A32D3EB3D4002D581C /* Debug */ = {
			isa = XCBuildConfiguration;
			buildSettings = {
				ASSETCATALOG_COMPILER_APPICON_NAME = AppIcon;
				ASSETCATALOG_COMPILER_GLOBAL_ACCENT_COLOR_NAME = AccentColor;
				CODE_SIGN_STYLE = Automatic;
				CURRENT_PROJECT_VERSION = 1;
				DEVELOPMENT_TEAM = FG635GJB7G;
				GENERATE_INFOPLIST_FILE = YES;
				INFOPLIST_FILE = UserListApp/Info.plist;
				INFOPLIST_KEY_UIApplicationSupportsIndirectInputEvents = YES;
				INFOPLIST_KEY_UILaunchStoryboardName = LaunchScreen;
				INFOPLIST_KEY_UIMainStoryboardFile = Main;
				INFOPLIST_KEY_UISupportedInterfaceOrientations_iPad = "UIInterfaceOrientationPortrait UIInterfaceOrientationPortraitUpsideDown UIInterfaceOrientationLandscapeLeft UIInterfaceOrientationLandscapeRight";
				INFOPLIST_KEY_UISupportedInterfaceOrientations_iPhone = "UIInterfaceOrientationPortrait UIInterfaceOrientationLandscapeLeft UIInterfaceOrientationLandscapeRight";
				LD_RUNPATH_SEARCH_PATHS = (
					"$(inherited)",
					"@executable_path/Frameworks",
				);
				MARKETING_VERSION = 1.0;
				PRODUCT_BUNDLE_IDENTIFIER = com.hsefak.UserListApp;
				PRODUCT_NAME = "$(TARGET_NAME)";
				SWIFT_EMIT_LOC_STRINGS = YES;
				SWIFT_VERSION = 5.0;
				TARGETED_DEVICE_FAMILY = "1,2";
			};
			name = Debug;
		};
		C3D689A42D3EB3D4002D581C /* Release */ = {
			isa = XCBuildConfiguration;
			buildSettings = {
				ASSETCATALOG_COMPILER_APPICON_NAME = AppIcon;
				ASSETCATALOG_COMPILER_GLOBAL_ACCENT_COLOR_NAME = AccentColor;
				CODE_SIGN_STYLE = Automatic;
				CURRENT_PROJECT_VERSION = 1;
				DEVELOPMENT_TEAM = FG635GJB7G;
				GENERATE_INFOPLIST_FILE = YES;
				INFOPLIST_FILE = UserListApp/Info.plist;
				INFOPLIST_KEY_UIApplicationSupportsIndirectInputEvents = YES;
				INFOPLIST_KEY_UILaunchStoryboardName = LaunchScreen;
				INFOPLIST_KEY_UIMainStoryboardFile = Main;
				INFOPLIST_KEY_UISupportedInterfaceOrientations_iPad = "UIInterfaceOrientationPortrait UIInterfaceOrientationPortraitUpsideDown UIInterfaceOrientationLandscapeLeft UIInterfaceOrientationLandscapeRight";
				INFOPLIST_KEY_UISupportedInterfaceOrientations_iPhone = "UIInterfaceOrientationPortrait UIInterfaceOrientationLandscapeLeft UIInterfaceOrientationLandscapeRight";
				LD_RUNPATH_SEARCH_PATHS = (
					"$(inherited)",
					"@executable_path/Frameworks",
				);
				MARKETING_VERSION = 1.0;
				PRODUCT_BUNDLE_IDENTIFIER = com.hsefak.UserListApp;
				PRODUCT_NAME = "$(TARGET_NAME)";
				SWIFT_EMIT_LOC_STRINGS = YES;
				SWIFT_VERSION = 5.0;
				TARGETED_DEVICE_FAMILY = "1,2";
			};
			name = Release;
		};
		C3D689A62D3EB3D4002D581C /* Debug */ = {
			isa = XCBuildConfiguration;
			buildSettings = {
				ALWAYS_EMBED_SWIFT_STANDARD_LIBRARIES = YES;
				BUNDLE_LOADER = "$(TEST_HOST)";
				CODE_SIGN_STYLE = Automatic;
				CURRENT_PROJECT_VERSION = 1;
				DEVELOPMENT_TEAM = FG635GJB7G;
				GENERATE_INFOPLIST_FILE = YES;
				IPHONEOS_DEPLOYMENT_TARGET = 17.5;
				MARKETING_VERSION = 1.0;
				PRODUCT_BUNDLE_IDENTIFIER = com.hsefak.UserListAppTests;
				PRODUCT_NAME = "$(TARGET_NAME)";
				SWIFT_EMIT_LOC_STRINGS = NO;
				SWIFT_VERSION = 5.0;
				TARGETED_DEVICE_FAMILY = "1,2";
				TEST_HOST = "$(BUILT_PRODUCTS_DIR)/UserListApp.app/$(BUNDLE_EXECUTABLE_FOLDER_PATH)/UserListApp";
			};
			name = Debug;
		};
		C3D689A72D3EB3D4002D581C /* Release */ = {
			isa = XCBuildConfiguration;
			buildSettings = {
				ALWAYS_EMBED_SWIFT_STANDARD_LIBRARIES = YES;
				BUNDLE_LOADER = "$(TEST_HOST)";
				CODE_SIGN_STYLE = Automatic;
				CURRENT_PROJECT_VERSION = 1;
				DEVELOPMENT_TEAM = FG635GJB7G;
				GENERATE_INFOPLIST_FILE = YES;
				IPHONEOS_DEPLOYMENT_TARGET = 17.5;
				MARKETING_VERSION = 1.0;
				PRODUCT_BUNDLE_IDENTIFIER = com.hsefak.UserListAppTests;
				PRODUCT_NAME = "$(TARGET_NAME)";
				SWIFT_EMIT_LOC_STRINGS = NO;
				SWIFT_VERSION = 5.0;
				TARGETED_DEVICE_FAMILY = "1,2";
				TEST_HOST = "$(BUILT_PRODUCTS_DIR)/UserListApp.app/$(BUNDLE_EXECUTABLE_FOLDER_PATH)/UserListApp";
			};
			name = Release;
		};
		C3D689A92D3EB3D4002D581C /* Debug */ = {
			isa = XCBuildConfiguration;
			buildSettings = {
				ALWAYS_EMBED_SWIFT_STANDARD_LIBRARIES = YES;
				CODE_SIGN_STYLE = Automatic;
				CURRENT_PROJECT_VERSION = 1;
				DEVELOPMENT_TEAM = FG635GJB7G;
				GENERATE_INFOPLIST_FILE = YES;
				MARKETING_VERSION = 1.0;
				PRODUCT_BUNDLE_IDENTIFIER = com.hsefak.UserListAppUITests;
				PRODUCT_NAME = "$(TARGET_NAME)";
				SWIFT_EMIT_LOC_STRINGS = NO;
				SWIFT_VERSION = 5.0;
				TARGETED_DEVICE_FAMILY = "1,2";
				TEST_TARGET_NAME = UserListApp;
			};
			name = Debug;
		};
		C3D689AA2D3EB3D4002D581C /* Release */ = {
			isa = XCBuildConfiguration;
			buildSettings = {
				ALWAYS_EMBED_SWIFT_STANDARD_LIBRARIES = YES;
				CODE_SIGN_STYLE = Automatic;
				CURRENT_PROJECT_VERSION = 1;
				DEVELOPMENT_TEAM = FG635GJB7G;
				GENERATE_INFOPLIST_FILE = YES;
				MARKETING_VERSION = 1.0;
				PRODUCT_BUNDLE_IDENTIFIER = com.hsefak.UserListAppUITests;
				PRODUCT_NAME = "$(TARGET_NAME)";
				SWIFT_EMIT_LOC_STRINGS = NO;
				SWIFT_VERSION = 5.0;
				TARGETED_DEVICE_FAMILY = "1,2";
				TEST_TARGET_NAME = UserListApp;
			};
			name = Release;
		};
/* End XCBuildConfiguration section */

/* Begin XCConfigurationList section */
		C3D689702D3EB3D2002D581C /* Build configuration list for PBXProject "UserListApp" */ = {
			isa = XCConfigurationList;
			buildConfigurations = (
				C3D689A02D3EB3D4002D581C /* Debug */,
				C3D689A12D3EB3D4002D581C /* Release */,
			);
			defaultConfigurationIsVisible = 0;
			defaultConfigurationName = Release;
		};
		C3D689A22D3EB3D4002D581C /* Build configuration list for PBXNativeTarget "UserListApp" */ = {
			isa = XCConfigurationList;
			buildConfigurations = (
				C3D689A32D3EB3D4002D581C /* Debug */,
				C3D689A42D3EB3D4002D581C /* Release */,
			);
			defaultConfigurationIsVisible = 0;
			defaultConfigurationName = Release;
		};
		C3D689A52D3EB3D4002D581C /* Build configuration list for PBXNativeTarget "UserListAppTests" */ = {
			isa = XCConfigurationList;
			buildConfigurations = (
				C3D689A62D3EB3D4002D581C /* Debug */,
				C3D689A72D3EB3D4002D581C /* Release */,
			);
			defaultConfigurationIsVisible = 0;
			defaultConfigurationName = Release;
		};
		C3D689A82D3EB3D4002D581C /* Build configuration list for PBXNativeTarget "UserListAppUITests" */ = {
			isa = XCConfigurationList;
			buildConfigurations = (
				C3D689A92D3EB3D4002D581C /* Debug */,
				C3D689AA2D3EB3D4002D581C /* Release */,
			);
			defaultConfigurationIsVisible = 0;
			defaultConfigurationName = Release;
		};
/* End XCConfigurationList section */

/* Begin XCVersionGroup section */
		C3D689812D3EB3D2002D581C /* UserListApp.xcdatamodeld */ = {
			isa = XCVersionGroup;
			children = (
				C3D689822D3EB3D2002D581C /* UserListApp.xcdatamodel */,
			);
			currentVersion = C3D689822D3EB3D2002D581C /* UserListApp.xcdatamodel */;
			path = UserListApp.xcdatamodeld;
			sourceTree = "<group>";
			versionGroupType = wrapper.xcdatamodel;
		};
/* End XCVersionGroup section */
	};
	rootObject = C3D6896D2D3EB3D2002D581C /* Project object */;
}
